
Microsoft Visual Studio Solution File, Format Version 12.00
# Visual Studio 15
VisualStudioVersion = 15.0.26730.16
MinimumVisualStudioVersion = 10.0.40219.1
Project("{9A19103F-16F7-4668-BE54-9A1E7A4F7556}") = "WebApi", "WebApi\WebApi.csproj", "{C10CA085-0DFB-4657-A488-4F4676E216A2}"
EndProject
Project("{FAE04EC0-301F-11D3-BF4B-00C04F79EFBC}") = "Domain", "Domain\Domain.csproj", "{B05CC6B8-CD28-4FA8-9C3E-2EC50F0124FD}"
EndProject
Project("{FAE04EC0-301F-11D3-BF4B-00C04F79EFBC}") = "Frontend", "Frontend\Frontend.csproj", "{7AB9B34A-379F-4C86-AA1E-2FD970CBB2FC}"
EndProject
Global
	GlobalSection(SolutionConfigurationPlatforms) = preSolution
		Debug|Any CPU = Debug|Any CPU
		Release|Any CPU = Release|Any CPU
	EndGlobalSection
	GlobalSection(ProjectConfigurationPlatforms) = postSolution
		{C10CA085-0DFB-4657-A488-4F4676E216A2}.Debug|Any CPU.ActiveCfg = Debug|Any CPU
		{C10CA085-0DFB-4657-A488-4F4676E216A2}.Debug|Any CPU.Build.0 = Debug|Any CPU
		{C10CA085-0DFB-4657-A488-4F4676E216A2}.Release|Any CPU.ActiveCfg = Release|Any CPU
		{C10CA085-0DFB-4657-A488-4F4676E216A2}.Release|Any CPU.Build.0 = Release|Any CPU
		{B05CC6B8-CD28-4FA8-9C3E-2EC50F0124FD}.Debug|Any CPU.ActiveCfg = Debug|Any CPU
		{B05CC6B8-CD28-4FA8-9C3E-2EC50F0124FD}.Debug|Any CPU.Build.0 = Debug|Any CPU
		{B05CC6B8-CD28-4FA8-9C3E-2EC50F0124FD}.Release|Any CPU.ActiveCfg = Release|Any CPU
		{B05CC6B8-CD28-4FA8-9C3E-2EC50F0124FD}.Release|Any CPU.Build.0 = Release|Any CPU
		{7AB9B34A-379F-4C86-AA1E-2FD970CBB2FC}.Debug|Any CPU.ActiveCfg = Debug|Any CPU
		{7AB9B34A-379F-4C86-AA1E-2FD970CBB2FC}.Debug|Any CPU.Build.0 = Debug|Any CPU
		{7AB9B34A-379F-4C86-AA1E-2FD970CBB2FC}.Release|Any CPU.ActiveCfg = Release|Any CPU
		{7AB9B34A-379F-4C86-AA1E-2FD970CBB2FC}.Release|Any CPU.Build.0 = Release|Any CPU
	EndGlobalSection
	GlobalSection(SolutionProperties) = preSolution
		HideSolutionNode = FALSE
	EndGlobalSection
	GlobalSection(ExtensibilityGlobals) = postSolution
		SolutionGuid = {70AF37D9-8623-4369-B906-3899478CAD20}
	EndGlobalSection
EndGlobal
